{
  "name": "qbit-export",
  "version": "1.0.0",
  "lockfileVersion": 3,
  "requires": true,
  "packages": {
    "": {
      "name": "qbit-export",
      "version": "1.0.0",
      "license": "GPL-3.0",
      "dependencies": {
        "@ckcr4lyf/logger": "^0.0.5",
        "bencode": "^3.0.3"
      }
    },
    "node_modules/@ckcr4lyf/logger": {
      "version": "0.0.5",
      "resolved": "https://registry.npmjs.org/@ckcr4lyf/logger/-/logger-0.0.5.tgz",
      "integrity": "sha512-5//5MCXtcAtQGw7r4GpH/z0FLNH6+fly0sailjc0JyChoYUN4u41XTYA2vBDo+U4tuAdCpTXnKgO1WLdRMLxeQ=="
    },
    "node_modules/base64-arraybuffer": {
      "version": "1.0.2",
      "resolved": "https://registry.npmjs.org/base64-arraybuffer/-/base64-arraybuffer-1.0.2.tgz",
      "integrity": "sha512-I3yl4r9QB5ZRY3XuJVEPfc2XhZO6YweFPI+UovAzn+8/hb3oJ6lnysaFcjVpkCPfVWFUDvoZ8kmVDP7WyRtYtQ==",
      "engines": {
        "node": ">= 0.6.0"
      }
    },
    "node_modules/bencode": {
      "version": "3.0.3",
      "resolved": "https://registry.npmjs.org/bencode/-/bencode-3.0.3.tgz",
      "integrity": "sha512-aP282ducX2oSLiopRaPxvO6GMOsn0teN122hvlQQXlIr0fJC+Iirea6tmOWSLWPd+GtJf2YF6+YlbF7Wz90rIA==",
      "dependencies": {
        "uint8-util": "^2.1.6"
      },
      "engines": {
        "node": ">=12.20.0"
      }
    },
    "node_modules/uint8-util": {
      "version": "2.1.9",
      "resolved": "https://registry.npmjs.org/uint8-util/-/uint8-util-2.1.9.tgz",
      "integrity": "sha512-twtktH1wpZwM8ivYXs2HL3nqHRosKGOxrPnfLxqYnzOR0RrIKbn/GrUZinXJ9n8tWzW8VIW++IpES4LYtGHSDQ==",
      "dependencies": {
        "base64-arraybuffer": "^1.0.2"
      }
    }
  }
}
